
Microsoft Visual Studio Solution File, Format Version 12.00
# Visual Studio Version 16
VisualStudioVersion = 16.0.31829.152
MinimumVisualStudioVersion = 10.0.40219.1
Project("{FAE04EC0-301F-11D3-BF4B-00C04F79EFBC}") = "MssmConsent", "MssmConsent\MssmConsent.csproj", "{94B342A1-DBC6-43DB-8AAA-06D77B9CC1D2}"
EndProject
Global
	GlobalSection(SolutionConfigurationPlatforms) = preSolution
		Debug|Any CPU = Debug|Any CPU
		Release|Any CPU = Release|Any CPU
	EndGlobalSection
	GlobalSection(ProjectConfigurationPlatforms) = postSolution
		{94B342A1-DBC6-43DB-8AAA-06D77B9CC1D2}.Debug|Any CPU.ActiveCfg = Debug|Any CPU
		{94B342A1-DBC6-43DB-8AAA-06D77B9CC1D2}.Debug|Any CPU.Build.0 = Debug|Any CPU
		{94B342A1-DBC6-43DB-8AAA-06D77B9CC1D2}.Release|Any CPU.ActiveCfg = Release|Any CPU
		{94B342A1-DBC6-43DB-8AAA-06D77B9CC1D2}.Release|Any CPU.Build.0 = Release|Any CPU
	EndGlobalSection
	GlobalSection(SolutionProperties) = preSolution
		HideSolutionNode = FALSE
	EndGlobalSection
	GlobalSection(ExtensibilityGlobals) = postSolution
		SolutionGuid = {B6AAA236-15E1-41DB-BFD0-75B7370A5A1C}
	EndGlobalSection
EndGlobal
